
Microsoft Visual Studio Solution File, Format Version 12.00
# Visual Studio Version 16
VisualStudioVersion = 16.0.31025.194
MinimumVisualStudioVersion = 10.0.40219.1
Project("{FAE04EC0-301F-11D3-BF4B-00C04F79EFBC}") = "WebApplication5", "WebApplication5\WebApplication5.csproj", "{23EA7209-1299-4E7B-867A-41047122406B}"
EndProject
Global
	GlobalSection(SolutionConfigurationPlatforms) = preSolution
		Debug|Any CPU = Debug|Any CPU
		Release|Any CPU = Release|Any CPU
	EndGlobalSection
	GlobalSection(ProjectConfigurationPlatforms) = postSolution
		{23EA7209-1299-4E7B-867A-41047122406B}.Debug|Any CPU.ActiveCfg = Debug|Any CPU
		{23EA7209-1299-4E7B-867A-41047122406B}.Debug|Any CPU.Build.0 = Debug|Any CPU
		{23EA7209-1299-4E7B-867A-41047122406B}.Release|Any CPU.ActiveCfg = Release|Any CPU
		{23EA7209-1299-4E7B-867A-41047122406B}.Release|Any CPU.Build.0 = Release|Any CPU
	EndGlobalSection
	GlobalSection(SolutionProperties) = preSolution
		HideSolutionNode = FALSE
	EndGlobalSection
	GlobalSection(ExtensibilityGlobals) = postSolution
		SolutionGuid = {F1A147BE-4644-40B1-AE65-28D5914B25C3}
	EndGlobalSection
EndGlobal
